
Microsoft Visual Studio Solution File, Format Version 12.00
# Visual Studio Version 17
VisualStudioVersion = 17.3.32811.315
MinimumVisualStudioVersion = 10.0.40219.1
Project("{00D1A9C2-B5F0-4AF3-8072-F6C62B433612}") = "CustomerDB.VS", "CustomerDB.VS\CustomerDB.VS.sqlproj", "{EE0AE8F6-095F-4F8E-A853-AD8255C824C8}"
EndProject
Global
	GlobalSection(SolutionConfigurationPlatforms) = preSolution
		Debug|Any CPU = Debug|Any CPU
		Release|Any CPU = Release|Any CPU
	EndGlobalSection
	GlobalSection(ProjectConfigurationPlatforms) = postSolution
		{EE0AE8F6-095F-4F8E-A853-AD8255C824C8}.Debug|Any CPU.ActiveCfg = Debug|Any CPU
		{EE0AE8F6-095F-4F8E-A853-AD8255C824C8}.Debug|Any CPU.Build.0 = Debug|Any CPU
		{EE0AE8F6-095F-4F8E-A853-AD8255C824C8}.Debug|Any CPU.Deploy.0 = Debug|Any CPU
		{EE0AE8F6-095F-4F8E-A853-AD8255C824C8}.Release|Any CPU.ActiveCfg = Release|Any CPU
		{EE0AE8F6-095F-4F8E-A853-AD8255C824C8}.Release|Any CPU.Build.0 = Release|Any CPU
		{EE0AE8F6-095F-4F8E-A853-AD8255C824C8}.Release|Any CPU.Deploy.0 = Release|Any CPU
	EndGlobalSection
	GlobalSection(SolutionProperties) = preSolution
		HideSolutionNode = FALSE
	EndGlobalSection
	GlobalSection(ExtensibilityGlobals) = postSolution
		SolutionGuid = {0CDD06C8-2E86-4ACA-989A-6F77D22B5E0F}
	EndGlobalSection
EndGlobal
